
Microsoft Visual Studio Solution File, Format Version 12.00
# Visual Studio Version 16
VisualStudioVersion = 16.0.33529.622
MinimumVisualStudioVersion = 10.0.40219.1
Project("{FAE04EC0-301F-11D3-BF4B-00C04F79EFBC}") = "GestionLocation", "GestionLocation\GestionLocation.csproj", "{B980962E-FDA1-4680-B30E-21460A996FF3}"
EndProject
Global
	GlobalSection(SolutionConfigurationPlatforms) = preSolution
		Debug|Any CPU = Debug|Any CPU
		Release|Any CPU = Release|Any CPU
	EndGlobalSection
	GlobalSection(ProjectConfigurationPlatforms) = postSolution
		{B980962E-FDA1-4680-B30E-21460A996FF3}.Debug|Any CPU.ActiveCfg = Debug|Any CPU
		{B980962E-FDA1-4680-B30E-21460A996FF3}.Debug|Any CPU.Build.0 = Debug|Any CPU
		{B980962E-FDA1-4680-B30E-21460A996FF3}.Release|Any CPU.ActiveCfg = Release|Any CPU
		{B980962E-FDA1-4680-B30E-21460A996FF3}.Release|Any CPU.Build.0 = Release|Any CPU
	EndGlobalSection
	GlobalSection(SolutionProperties) = preSolution
		HideSolutionNode = FALSE
	EndGlobalSection
	GlobalSection(ExtensibilityGlobals) = postSolution
		SolutionGuid = {683536E3-049A-49B9-A1A7-BD8EC2082B3A}
	EndGlobalSection
EndGlobal
